
Microsoft Visual Studio Solution File, Format Version 12.00
# Visual Studio 15
VisualStudioVersion = 15.0.27428.2043
MinimumVisualStudioVersion = 10.0.40219.1
Project("{FAE04EC0-301F-11D3-BF4B-00C04F79EFBC}") = "ConsoleAppASSOFTest", "ConsoleAppASSOFTest\ConsoleAppASSOFTest.csproj", "{C3F83F73-1CC5-44B4-AB3E-6808ACBAFE13}"
EndProject
Global
	GlobalSection(SolutionConfigurationPlatforms) = preSolution
		Debug|Any CPU = Debug|Any CPU
		Release|Any CPU = Release|Any CPU
	EndGlobalSection
	GlobalSection(ProjectConfigurationPlatforms) = postSolution
		{C3F83F73-1CC5-44B4-AB3E-6808ACBAFE13}.Debug|Any CPU.ActiveCfg = Debug|Any CPU
		{C3F83F73-1CC5-44B4-AB3E-6808ACBAFE13}.Debug|Any CPU.Build.0 = Debug|Any CPU
		{C3F83F73-1CC5-44B4-AB3E-6808ACBAFE13}.Release|Any CPU.ActiveCfg = Release|Any CPU
		{C3F83F73-1CC5-44B4-AB3E-6808ACBAFE13}.Release|Any CPU.Build.0 = Release|Any CPU
	EndGlobalSection
	GlobalSection(SolutionProperties) = preSolution
		HideSolutionNode = FALSE
	EndGlobalSection
	GlobalSection(ExtensibilityGlobals) = postSolution
		SolutionGuid = {6321D718-619E-449C-B6E2-E6C46FC0F69A}
	EndGlobalSection
EndGlobal
